
Microsoft Visual Studio Solution File, Format Version 12.00
# Visual Studio Version 18
VisualStudioVersion = 18.6.11806.211 stable
MinimumVisualStudioVersion = 10.0.40219.1
Project("{FAE04EC0-301F-11D3-BF4B-00C04F79EFBC}") = "КР Ханников", "КР Ханников.csproj", "{7C6F757B-C267-434B-9ACF-4AA7EA8F9BC2}"
EndProject
Project("{FAE04EC0-301F-11D3-BF4B-00C04F79EFBC}") = "КР_Ханников.Tests", "Tests\КР_Ханников.Tests.csproj", "{DDEF67D4-8B1A-9213-4D4A-980FD5BF5F45}"
EndProject
Global
	GlobalSection(SolutionConfigurationPlatforms) = preSolution
		Debug|Any CPU = Debug|Any CPU
		Release|Any CPU = Release|Any CPU
	EndGlobalSection
	GlobalSection(ProjectConfigurationPlatforms) = postSolution
		{7C6F757B-C267-434B-9ACF-4AA7EA8F9BC2}.Debug|Any CPU.ActiveCfg = Debug|Any CPU
		{7C6F757B-C267-434B-9ACF-4AA7EA8F9BC2}.Debug|Any CPU.Build.0 = Debug|Any CPU
		{7C6F757B-C267-434B-9ACF-4AA7EA8F9BC2}.Release|Any CPU.ActiveCfg = Release|Any CPU
		{7C6F757B-C267-434B-9ACF-4AA7EA8F9BC2}.Release|Any CPU.Build.0 = Release|Any CPU
		{DDEF67D4-8B1A-9213-4D4A-980FD5BF5F45}.Debug|Any CPU.ActiveCfg = Debug|Any CPU
		{DDEF67D4-8B1A-9213-4D4A-980FD5BF5F45}.Debug|Any CPU.Build.0 = Debug|Any CPU
		{DDEF67D4-8B1A-9213-4D4A-980FD5BF5F45}.Release|Any CPU.ActiveCfg = Release|Any CPU
		{DDEF67D4-8B1A-9213-4D4A-980FD5BF5F45}.Release|Any CPU.Build.0 = Release|Any CPU
	EndGlobalSection
	GlobalSection(SolutionProperties) = preSolution
		HideSolutionNode = FALSE
	EndGlobalSection
	GlobalSection(ExtensibilityGlobals) = postSolution
		SolutionGuid = {9388C4AC-47EA-4E62-91DE-4899ABC0EF02}
	EndGlobalSection
EndGlobal
